
Microsoft Visual Studio Solution File, Format Version 12.00
Project("{FAE04EC0-301F-11D3-BF4B-00C04F79EFBC}") = "DropBear.Codex.Core", "DropBear.Codex.Core\DropBear.Codex.Core.csproj", "{603973E5-CDAE-4B20-BD67-250236558E15}"
EndProject
Project("{FAE04EC0-301F-11D3-BF4B-00C04F79EFBC}") = "DropBear.Codex.Core.ConsoleApp", "DropBear.Codex.Core.ConsoleApp\DropBear.Codex.Core.ConsoleApp.csproj", "{0F94C6C9-DF9D-402B-8F10-13FCB51CC787}"
EndProject
Global
	GlobalSection(SolutionConfigurationPlatforms) = preSolution
		Debug|Any CPU = Debug|Any CPU
		Release|Any CPU = Release|Any CPU
	EndGlobalSection
	GlobalSection(ProjectConfigurationPlatforms) = postSolution
		{603973E5-CDAE-4B20-BD67-250236558E15}.Debug|Any CPU.ActiveCfg = Debug|Any CPU
		{603973E5-CDAE-4B20-BD67-250236558E15}.Debug|Any CPU.Build.0 = Debug|Any CPU
		{603973E5-CDAE-4B20-BD67-250236558E15}.Release|Any CPU.ActiveCfg = Release|Any CPU
		{603973E5-CDAE-4B20-BD67-250236558E15}.Release|Any CPU.Build.0 = Release|Any CPU
		{0F94C6C9-DF9D-402B-8F10-13FCB51CC787}.Debug|Any CPU.ActiveCfg = Debug|Any CPU
		{0F94C6C9-DF9D-402B-8F10-13FCB51CC787}.Debug|Any CPU.Build.0 = Debug|Any CPU
		{0F94C6C9-DF9D-402B-8F10-13FCB51CC787}.Release|Any CPU.ActiveCfg = Release|Any CPU
		{0F94C6C9-DF9D-402B-8F10-13FCB51CC787}.Release|Any CPU.Build.0 = Release|Any CPU
	EndGlobalSection
EndGlobal
